// !$*UTF8*$!
{
	archiveVersion = 1;
	classes = {
	};
	objectVersion = 55;
	objects = {

/* Begin PBXBuildFile section */
		081DD9EE2AC72F2200213AF0 /* MainViewModel.swift in Sources */ = {isa = PBXBuildFile; fileRef = 081DD9ED2AC72F2200213AF0 /* MainViewModel.swift */; };
		081DD9F02AC7300D00213AF0 /* UIViewController+Extension.swift in Sources */ = {isa = PBXBuildFile; fileRef = 081DD9EF2AC7300D00213AF0 /* UIViewController+Extension.swift */; };
		081DD9F32AC7393700213AF0 /* Constraints.swift in Sources */ = {isa = PBXBuildFile; fileRef = 081DD9F22AC7393700213AF0 /* Constraints.swift */; };
		081DD9F52AC7404D00213AF0 /* String+Extension.swift in Sources */ = {isa = PBXBuildFile; fileRef = 081DD9F42AC7404D00213AF0 /* String+Extension.swift */; };
		081DD9F92AC740B700213AF0 /* Localizable.strings in Resources */ = {isa = PBXBuildFile; fileRef = 081DD9FB2AC740B700213AF0 /* Localizable.strings */; };
		081DD9FF2AC748C000213AF0 /* ValuteObject.swift in Sources */ = {isa = PBXBuildFile; fileRef = 081DD9FE2AC748C000213AF0 /* ValuteObject.swift */; };
		081DDA022AC74E6C00213AF0 /* ValuteTableViewCell.swift in Sources */ = {isa = PBXBuildFile; fileRef = 081DDA012AC74E6C00213AF0 /* ValuteTableViewCell.swift */; };
		0859CFAC2AC760FC00FC3D58 /* Double+Extension.swift in Sources */ = {isa = PBXBuildFile; fileRef = 0859CFAB2AC760FC00FC3D58 /* Double+Extension.swift */; };
		0859CFAE2AC76DCC00FC3D58 /* MainModel.swift in Sources */ = {isa = PBXBuildFile; fileRef = 0859CFAD2AC76DCC00FC3D58 /* MainModel.swift */; };
		0859CFB02AC772B400FC3D58 /* AppLaunchService.swift in Sources */ = {isa = PBXBuildFile; fileRef = 0859CFAF2AC772B400FC3D58 /* AppLaunchService.swift */; };
		086FE7A52AC6FC0300A875A0 /* AppDelegate.swift in Sources */ = {isa = PBXBuildFile; fileRef = 086FE7A42AC6FC0300A875A0 /* AppDelegate.swift */; };
		086FE7A72AC6FC0300A875A0 /* SceneDelegate.swift in Sources */ = {isa = PBXBuildFile; fileRef = 086FE7A62AC6FC0300A875A0 /* SceneDelegate.swift */; };
		086FE7A92AC6FC0300A875A0 /* MainViewController.swift in Sources */ = {isa = PBXBuildFile; fileRef = 086FE7A82AC6FC0300A875A0 /* MainViewController.swift */; };
		086FE7AE2AC6FC0500A875A0 /* Assets.xcassets in Resources */ = {isa = PBXBuildFile; fileRef = 086FE7AD2AC6FC0500A875A0 /* Assets.xcassets */; };
		086FE7B12AC6FC0500A875A0 /* LaunchScreen.storyboard in Resources */ = {isa = PBXBuildFile; fileRef = 086FE7AF2AC6FC0500A875A0 /* LaunchScreen.storyboard */; };
		0888BFC12AC8198300B688C4 /* ReachabilityService.swift in Sources */ = {isa = PBXBuildFile; fileRef = 0888BFC02AC8198300B688C4 /* ReachabilityService.swift */; };
		0888BFC72AC8234B00B688C4 /* Valute.swift in Sources */ = {isa = PBXBuildFile; fileRef = 0888BFC62AC8234B00B688C4 /* Valute.swift */; };
		0888BFC92AC82A6000B688C4 /* NetworkError.swift in Sources */ = {isa = PBXBuildFile; fileRef = 0888BFC82AC82A6000B688C4 /* NetworkError.swift */; };
		0888BFCB2AC8313F00B688C4 /* Provider.swift in Sources */ = {isa = PBXBuildFile; fileRef = 0888BFCA2AC8313F00B688C4 /* Provider.swift */; };
		0888BFD72AC840D000B688C4 /* InfoPlist.strings in Resources */ = {isa = PBXBuildFile; fileRef = 0888BFD92AC840D000B688C4 /* InfoPlist.strings */; };
		08DE181D2AC70A230001C620 /* ExchangeRateResponse.swift in Sources */ = {isa = PBXBuildFile; fileRef = 08DE181C2AC70A230001C620 /* ExchangeRateResponse.swift */; };
		08DE181F2AC70A8F0001C620 /* RatesAPI.swift in Sources */ = {isa = PBXBuildFile; fileRef = 08DE181E2AC70A8F0001C620 /* RatesAPI.swift */; };
		08DE18212AC70AC60001C620 /* ServerConstants.swift in Sources */ = {isa = PBXBuildFile; fileRef = 08DE18202AC70AC60001C620 /* ServerConstants.swift */; };
		08DE18282AC7115E0001C620 /* NSObject+Extension.swift in Sources */ = {isa = PBXBuildFile; fileRef = 08DE18272AC7115E0001C620 /* NSObject+Extension.swift */; };
		08DE182A2AC719B70001C620 /* HTTPMethod.swift in Sources */ = {isa = PBXBuildFile; fileRef = 08DE18292AC719B70001C620 /* HTTPMethod.swift */; };
		0C890BA625A28FFE03EA3601 /* Pods_simpleExchangeRate.framework in Frameworks */ = {isa = PBXBuildFile; fileRef = BBF7B1F19221F16D3C06760D /* Pods_simpleExchangeRate.framework */; };
/* End PBXBuildFile section */

/* Begin PBXFileReference section */
		081DD9ED2AC72F2200213AF0 /* MainViewModel.swift */ = {isa = PBXFileReference; lastKnownFileType = sourcecode.swift; path = MainViewModel.swift; sourceTree = "<group>"; };
		081DD9EF2AC7300D00213AF0 /* UIViewController+Extension.swift */ = {isa = PBXFileReference; lastKnownFileType = sourcecode.swift; path = "UIViewController+Extension.swift"; sourceTree = "<group>"; };
		081DD9F22AC7393700213AF0 /* Constraints.swift */ = {isa = PBXFileReference; lastKnownFileType = sourcecode.swift; path = Constraints.swift; sourceTree = "<group>"; };
		081DD9F42AC7404D00213AF0 /* String+Extension.swift */ = {isa = PBXFileReference; lastKnownFileType = sourcecode.swift; path = "String+Extension.swift"; sourceTree = "<group>"; };
		081DD9F62AC7407500213AF0 /* ru */ = {isa = PBXFileReference; lastKnownFileType = text.plist.strings; name = ru; path = ru.lproj/LaunchScreen.strings; sourceTree = "<group>"; };
		081DD9FA2AC740B700213AF0 /* ru */ = {isa = PBXFileReference; lastKnownFileType = text.plist.strings; name = ru; path = ru.lproj/Localizable.strings; sourceTree = "<group>"; };
		081DD9FC2AC740B900213AF0 /* en */ = {isa = PBXFileReference; lastKnownFileType = text.plist.strings; name = en; path = en.lproj/Localizable.strings; sourceTree = "<group>"; };
		081DD9FE2AC748C000213AF0 /* ValuteObject.swift */ = {isa = PBXFileReference; lastKnownFileType = sourcecode.swift; path = ValuteObject.swift; sourceTree = "<group>"; };
		081DDA012AC74E6C00213AF0 /* ValuteTableViewCell.swift */ = {isa = PBXFileReference; lastKnownFileType = sourcecode.swift; path = ValuteTableViewCell.swift; sourceTree = "<group>"; };
		0859CFAB2AC760FC00FC3D58 /* Double+Extension.swift */ = {isa = PBXFileReference; lastKnownFileType = sourcecode.swift; path = "Double+Extension.swift"; sourceTree = "<group>"; };
		0859CFAD2AC76DCC00FC3D58 /* MainModel.swift */ = {isa = PBXFileReference; lastKnownFileType = sourcecode.swift; path = MainModel.swift; sourceTree = "<group>"; };
		0859CFAF2AC772B400FC3D58 /* AppLaunchService.swift */ = {isa = PBXFileReference; lastKnownFileType = sourcecode.swift; path = AppLaunchService.swift; sourceTree = "<group>"; };
		086FE7A12AC6FC0300A875A0 /* simpleExchangeRate.app */ = {isa = PBXFileReference; explicitFileType = wrapper.application; includeInIndex = 0; path = simpleExchangeRate.app; sourceTree = BUILT_PRODUCTS_DIR; };
		086FE7A42AC6FC0300A875A0 /* AppDelegate.swift */ = {isa = PBXFileReference; lastKnownFileType = sourcecode.swift; path = AppDelegate.swift; sourceTree = "<group>"; };
		086FE7A62AC6FC0300A875A0 /* SceneDelegate.swift */ = {isa = PBXFileReference; lastKnownFileType = sourcecode.swift; path = SceneDelegate.swift; sourceTree = "<group>"; };
		086FE7A82AC6FC0300A875A0 /* MainViewController.swift */ = {isa = PBXFileReference; lastKnownFileType = sourcecode.swift; path = MainViewController.swift; sourceTree = "<group>"; };
		086FE7AD2AC6FC0500A875A0 /* Assets.xcassets */ = {isa = PBXFileReference; lastKnownFileType = folder.assetcatalog; path = Assets.xcassets; sourceTree = "<group>"; };
		086FE7B02AC6FC0500A875A0 /* Base */ = {isa = PBXFileReference; lastKnownFileType = file.storyboard; name = Base; path = Base.lproj/LaunchScreen.storyboard; sourceTree = "<group>"; };
		086FE7B22AC6FC0500A875A0 /* Info.plist */ = {isa = PBXFileReference; lastKnownFileType = text.plist.xml; path = Info.plist; sourceTree = "<group>"; };
		0888BFC02AC8198300B688C4 /* ReachabilityService.swift */ = {isa = PBXFileReference; lastKnownFileType = sourcecode.swift; path = ReachabilityService.swift; sourceTree = "<group>"; };
		0888BFC62AC8234B00B688C4 /* Valute.swift */ = {isa = PBXFileReference; lastKnownFileType = sourcecode.swift; path = Valute.swift; sourceTree = "<group>"; };
		0888BFC82AC82A6000B688C4 /* NetworkError.swift */ = {isa = PBXFileReference; lastKnownFileType = sourcecode.swift; path = NetworkError.swift; sourceTree = "<group>"; };
		0888BFCA2AC8313F00B688C4 /* Provider.swift */ = {isa = PBXFileReference; lastKnownFileType = sourcecode.swift; path = Provider.swift; sourceTree = "<group>"; };
		0888BFD82AC840D000B688C4 /* en */ = {isa = PBXFileReference; lastKnownFileType = text.plist.strings; name = en; path = en.lproj/InfoPlist.strings; sourceTree = "<group>"; };
		0888BFDA2AC840D100B688C4 /* ru */ = {isa = PBXFileReference; lastKnownFileType = text.plist.strings; name = ru; path = ru.lproj/InfoPlist.strings; sourceTree = "<group>"; };
		08DE181C2AC70A230001C620 /* ExchangeRateResponse.swift */ = {isa = PBXFileReference; lastKnownFileType = sourcecode.swift; path = ExchangeRateResponse.swift; sourceTree = "<group>"; };
		08DE181E2AC70A8F0001C620 /* RatesAPI.swift */ = {isa = PBXFileReference; lastKnownFileType = sourcecode.swift; path = RatesAPI.swift; sourceTree = "<group>"; };
		08DE18202AC70AC60001C620 /* ServerConstants.swift */ = {isa = PBXFileReference; lastKnownFileType = sourcecode.swift; path = ServerConstants.swift; sourceTree = "<group>"; };
		08DE18272AC7115E0001C620 /* NSObject+Extension.swift */ = {isa = PBXFileReference; lastKnownFileType = sourcecode.swift; path = "NSObject+Extension.swift"; sourceTree = "<group>"; };
		08DE18292AC719B70001C620 /* HTTPMethod.swift */ = {isa = PBXFileReference; lastKnownFileType = sourcecode.swift; path = HTTPMethod.swift; sourceTree = "<group>"; };
		417260A34C60A7EE0F6B6650 /* Pods-simpleExchangeRate.debug.xcconfig */ = {isa = PBXFileReference; includeInIndex = 1; lastKnownFileType = text.xcconfig; name = "Pods-simpleExchangeRate.debug.xcconfig"; path = "Target Support Files/Pods-simpleExchangeRate/Pods-simpleExchangeRate.debug.xcconfig"; sourceTree = "<group>"; };
		B01E647F67F6D73BCB142767 /* Pods-simpleExchangeRate.release.xcconfig */ = {isa = PBXFileReference; includeInIndex = 1; lastKnownFileType = text.xcconfig; name = "Pods-simpleExchangeRate.release.xcconfig"; path = "Target Support Files/Pods-simpleExchangeRate/Pods-simpleExchangeRate.release.xcconfig"; sourceTree = "<group>"; };
		BBF7B1F19221F16D3C06760D /* Pods_simpleExchangeRate.framework */ = {isa = PBXFileReference; explicitFileType = wrapper.framework; includeInIndex = 0; path = Pods_simpleExchangeRate.framework; sourceTree = BUILT_PRODUCTS_DIR; };
/* End PBXFileReference section */

/* Begin PBXFrameworksBuildPhase section */
		086FE79E2AC6FC0300A875A0 /* Frameworks */ = {
			isa = PBXFrameworksBuildPhase;
			buildActionMask = 2147483647;
			files = (
				0C890BA625A28FFE03EA3601 /* Pods_simpleExchangeRate.framework in Frameworks */,
			);
			runOnlyForDeploymentPostprocessing = 0;
		};
/* End PBXFrameworksBuildPhase section */

/* Begin PBXGroup section */
		081DD9E62AC72D3600213AF0 /* Scenes */ = {
			isa = PBXGroup;
			children = (
				081DD9EC2AC72EF300213AF0 /* LaunchScreen */,
				081DD9E72AC72D4300213AF0 /* Main */,
				081DD9F22AC7393700213AF0 /* Constraints.swift */,
			);
			path = Scenes;
			sourceTree = "<group>";
		};
		081DD9E72AC72D4300213AF0 /* Main */ = {
			isa = PBXGroup;
			children = (
				0888BFC52AC8232400B688C4 /* ViewModel */,
				0888BFC42AC8231A00B688C4 /* Model */,
				0888BFC22AC8230900B688C4 /* View */,
			);
			path = Main;
			sourceTree = "<group>";
		};
		081DD9E82AC72D6C00213AF0 /* App */ = {
			isa = PBXGroup;
			children = (
				081DD9FD2AC740C300213AF0 /* Localizations */,
				081DD9EA2AC72ED200213AF0 /* Resources */,
				081DD9E92AC72EB700213AF0 /* Lifecycle */,
				086FE7B22AC6FC0500A875A0 /* Info.plist */,
			);
			path = App;
			sourceTree = "<group>";
		};
		081DD9E92AC72EB700213AF0 /* Lifecycle */ = {
			isa = PBXGroup;
			children = (
				086FE7A42AC6FC0300A875A0 /* AppDelegate.swift */,
				086FE7A62AC6FC0300A875A0 /* SceneDelegate.swift */,
			);
			path = Lifecycle;
			sourceTree = "<group>";
		};
		081DD9EA2AC72ED200213AF0 /* Resources */ = {
			isa = PBXGroup;
			children = (
				086FE7AD2AC6FC0500A875A0 /* Assets.xcassets */,
			);
			path = Resources;
			sourceTree = "<group>";
		};
		081DD9EC2AC72EF300213AF0 /* LaunchScreen */ = {
			isa = PBXGroup;
			children = (
				086FE7AF2AC6FC0500A875A0 /* LaunchScreen.storyboard */,
			);
			path = LaunchScreen;
			sourceTree = "<group>";
		};
		081DD9FD2AC740C300213AF0 /* Localizations */ = {
			isa = PBXGroup;
			children = (
				081DD9FB2AC740B700213AF0 /* Localizable.strings */,
				0888BFD92AC840D000B688C4 /* InfoPlist.strings */,
			);
			path = Localizations;
			sourceTree = "<group>";
		};
		081DDA002AC74E0800213AF0 /* CustomCells */ = {
			isa = PBXGroup;
			children = (
				081DDA012AC74E6C00213AF0 /* ValuteTableViewCell.swift */,
			);
			path = CustomCells;
			sourceTree = "<group>";
		};
		0859CFB12AC772FD00FC3D58 /* Services */ = {
			isa = PBXGroup;
			children = (
				0859CFAF2AC772B400FC3D58 /* AppLaunchService.swift */,
			);
			path = Services;
			sourceTree = "<group>";
		};
		086FE7982AC6FC0300A875A0 = {
			isa = PBXGroup;
			children = (
				086FE7A32AC6FC0300A875A0 /* simpleExchangeRate */,
				086FE7A22AC6FC0300A875A0 /* Products */,
				4500FB1F0D5F67CA8EEA3CF3 /* Pods */,
				A5DB5BFD9C3E87F2B1A62C33 /* Frameworks */,
			);
			sourceTree = "<group>";
		};
		086FE7A22AC6FC0300A875A0 /* Products */ = {
			isa = PBXGroup;
			children = (
				086FE7A12AC6FC0300A875A0 /* simpleExchangeRate.app */,
			);
			name = Products;
			sourceTree = "<group>";
		};
		086FE7A32AC6FC0300A875A0 /* simpleExchangeRate */ = {
			isa = PBXGroup;
			children = (
				0859CFB12AC772FD00FC3D58 /* Services */,
				081DD9E82AC72D6C00213AF0 /* App */,
				081DD9E62AC72D3600213AF0 /* Scenes */,
				08DE18262AC711450001C620 /* Extensions */,
				08DE18012AC7075E0001C620 /* NetworkLayer */,
			);
			path = simpleExchangeRate;
			sourceTree = "<group>";
		};
		0888BFBF2AC8197400B688C4 /* Services */ = {
			isa = PBXGroup;
			children = (
				0888BFC02AC8198300B688C4 /* ReachabilityService.swift */,
			);
			path = Services;
			sourceTree = "<group>";
		};
		0888BFC22AC8230900B688C4 /* View */ = {
			isa = PBXGroup;
			children = (
				081DDA002AC74E0800213AF0 /* CustomCells */,
				086FE7A82AC6FC0300A875A0 /* MainViewController.swift */,
			);
			path = View;
			sourceTree = "<group>";
		};
		0888BFC42AC8231A00B688C4 /* Model */ = {
			isa = PBXGroup;
			children = (
				0859CFAD2AC76DCC00FC3D58 /* MainModel.swift */,
				081DD9FE2AC748C000213AF0 /* ValuteObject.swift */,
				0888BFC62AC8234B00B688C4 /* Valute.swift */,
			);
			path = Model;
			sourceTree = "<group>";
		};
		0888BFC52AC8232400B688C4 /* ViewModel */ = {
			isa = PBXGroup;
			children = (
				081DD9ED2AC72F2200213AF0 /* MainViewModel.swift */,
			);
			path = ViewModel;
			sourceTree = "<group>";
		};
		08DE18012AC7075E0001C620 /* NetworkLayer */ = {
			isa = PBXGroup;
			children = (
				0888BFBF2AC8197400B688C4 /* Services */,
				08DE18042AC7077E0001C620 /* Models */,
				08DE18022AC7076B0001C620 /* EndpointAPIs */,
				08DE18202AC70AC60001C620 /* ServerConstants.swift */,
				08DE18292AC719B70001C620 /* HTTPMethod.swift */,
				0888BFC82AC82A6000B688C4 /* NetworkError.swift */,
				0888BFCA2AC8313F00B688C4 /* Provider.swift */,
			);
			path = NetworkLayer;
			sourceTree = "<group>";
		};
		08DE18022AC7076B0001C620 /* EndpointAPIs */ = {
			isa = PBXGroup;
			children = (
				08DE181E2AC70A8F0001C620 /* RatesAPI.swift */,
			);
			path = EndpointAPIs;
			sourceTree = "<group>";
		};
		08DE18042AC7077E0001C620 /* Models */ = {
			isa = PBXGroup;
			children = (
				08DE181B2AC709D40001C620 /* Responses */,
				08DE181A2AC709880001C620 /* Requests */,
			);
			path = Models;
			sourceTree = "<group>";
		};
		08DE181A2AC709880001C620 /* Requests */ = {
			isa = PBXGroup;
			children = (
			);
			path = Requests;
			sourceTree = "<group>";
		};
		08DE181B2AC709D40001C620 /* Responses */ = {
			isa = PBXGroup;
			children = (
				08DE181C2AC70A230001C620 /* ExchangeRateResponse.swift */,
			);
			path = Responses;
			sourceTree = "<group>";
		};
		08DE18262AC711450001C620 /* Extensions */ = {
			isa = PBXGroup;
			children = (
				08DE18272AC7115E0001C620 /* NSObject+Extension.swift */,
				081DD9EF2AC7300D00213AF0 /* UIViewController+Extension.swift */,
				081DD9F42AC7404D00213AF0 /* String+Extension.swift */,
				0859CFAB2AC760FC00FC3D58 /* Double+Extension.swift */,
			);
			path = Extensions;
			sourceTree = "<group>";
		};
		4500FB1F0D5F67CA8EEA3CF3 /* Pods */ = {
			isa = PBXGroup;
			children = (
				417260A34C60A7EE0F6B6650 /* Pods-simpleExchangeRate.debug.xcconfig */,
				B01E647F67F6D73BCB142767 /* Pods-simpleExchangeRate.release.xcconfig */,
			);
			path = Pods;
			sourceTree = "<group>";
		};
		A5DB5BFD9C3E87F2B1A62C33 /* Frameworks */ = {
			isa = PBXGroup;
			children = (
				BBF7B1F19221F16D3C06760D /* Pods_simpleExchangeRate.framework */,
			);
			name = Frameworks;
			sourceTree = "<group>";
		};
/* End PBXGroup section */

/* Begin PBXNativeTarget section */
		086FE7A02AC6FC0300A875A0 /* simpleExchangeRate */ = {
			isa = PBXNativeTarget;
			buildConfigurationList = 086FE7B52AC6FC0500A875A0 /* Build configuration list for PBXNativeTarget "simpleExchangeRate" */;
			buildPhases = (
				B0E07BEDF20DC13AA486ECDB /* [CP] Check Pods Manifest.lock */,
				086FE79D2AC6FC0300A875A0 /* Sources */,
				086FE79E2AC6FC0300A875A0 /* Frameworks */,
				086FE79F2AC6FC0300A875A0 /* Resources */,
				F20CEBAA35DB3DBF432BD7B2 /* [CP] Embed Pods Frameworks */,
			);
			buildRules = (
			);
			dependencies = (
			);
			name = simpleExchangeRate;
			productName = simpleExchangeRate;
			productReference = 086FE7A12AC6FC0300A875A0 /* simpleExchangeRate.app */;
			productType = "com.apple.product-type.application";
		};
/* End PBXNativeTarget section */

/* Begin PBXProject section */
		086FE7992AC6FC0300A875A0 /* Project object */ = {
			isa = PBXProject;
			attributes = {
				BuildIndependentTargetsInParallel = 1;
				LastSwiftUpdateCheck = 1500;
				LastUpgradeCheck = 1500;
				TargetAttributes = {
					086FE7A02AC6FC0300A875A0 = {
						CreatedOnToolsVersion = 15.0;
					};
				};
			};
			buildConfigurationList = 086FE79C2AC6FC0300A875A0 /* Build configuration list for PBXProject "simpleExchangeRate" */;
			compatibilityVersion = "Xcode 13.0";
			developmentRegion = en;
			hasScannedForEncodings = 0;
			knownRegions = (
				en,
				Base,
				ru,
			);
			mainGroup = 086FE7982AC6FC0300A875A0;
			productRefGroup = 086FE7A22AC6FC0300A875A0 /* Products */;
			projectDirPath = "";
			projectRoot = "";
			targets = (
				086FE7A02AC6FC0300A875A0 /* simpleExchangeRate */,
			);
		};
/* End PBXProject section */

/* Begin PBXResourcesBuildPhase section */
		086FE79F2AC6FC0300A875A0 /* Resources */ = {
			isa = PBXResourcesBuildPhase;
			buildActionMask = 2147483647;
			files = (
				086FE7B12AC6FC0500A875A0 /* LaunchScreen.storyboard in Resources */,
				0888BFD72AC840D000B688C4 /* InfoPlist.strings in Resources */,
				081DD9F92AC740B700213AF0 /* Localizable.strings in Resources */,
				086FE7AE2AC6FC0500A875A0 /* Assets.xcassets in Resources */,
			);
			runOnlyForDeploymentPostprocessing = 0;
		};
/* End PBXResourcesBuildPhase section */

/* Begin PBXShellScriptBuildPhase section */
		B0E07BEDF20DC13AA486ECDB /* [CP] Check Pods Manifest.lock */ = {
			isa = PBXShellScriptBuildPhase;
			buildActionMask = 2147483647;
			files = (
			);
			inputFileListPaths = (
			);
			inputPaths = (
				"${PODS_PODFILE_DIR_PATH}/Podfile.lock",
				"${PODS_ROOT}/Manifest.lock",
			);
			name = "[CP] Check Pods Manifest.lock";
			outputFileListPaths = (
			);
			outputPaths = (
				"$(DERIVED_FILE_DIR)/Pods-simpleExchangeRate-checkManifestLockResult.txt",
			);
			runOnlyForDeploymentPostprocessing = 0;
			shellPath = /bin/sh;
			shellScript = "diff \"${PODS_PODFILE_DIR_PATH}/Podfile.lock\" \"${PODS_ROOT}/Manifest.lock\" > /dev/null\nif [ $? != 0 ] ; then\n    # print error to STDERR\n    echo \"error: The sandbox is not in sync with the Podfile.lock. Run 'pod install' or update your CocoaPods installation.\" >&2\n    exit 1\nfi\n# This output is used by Xcode 'outputs' to avoid re-running this script phase.\necho \"SUCCESS\" > \"${SCRIPT_OUTPUT_FILE_0}\"\n";
			showEnvVarsInLog = 0;
		};
		F20CEBAA35DB3DBF432BD7B2 /* [CP] Embed Pods Frameworks */ = {
			isa = PBXShellScriptBuildPhase;
			buildActionMask = 2147483647;
			files = (
			);
			inputFileListPaths = (
				"${PODS_ROOT}/Target Support Files/Pods-simpleExchangeRate/Pods-simpleExchangeRate-frameworks-${CONFIGURATION}-input-files.xcfilelist",
			);
			name = "[CP] Embed Pods Frameworks";
			outputFileListPaths = (
				"${PODS_ROOT}/Target Support Files/Pods-simpleExchangeRate/Pods-simpleExchangeRate-frameworks-${CONFIGURATION}-output-files.xcfilelist",
			);
			runOnlyForDeploymentPostprocessing = 0;
			shellPath = /bin/sh;
			shellScript = "\"${PODS_ROOT}/Target Support Files/Pods-simpleExchangeRate/Pods-simpleExchangeRate-frameworks.sh\"\n";
			showEnvVarsInLog = 0;
		};
/* End PBXShellScriptBuildPhase section */

/* Begin PBXSourcesBuildPhase section */
		086FE79D2AC6FC0300A875A0 /* Sources */ = {
			isa = PBXSourcesBuildPhase;
			buildActionMask = 2147483647;
			files = (
				0859CFAE2AC76DCC00FC3D58 /* MainModel.swift in Sources */,
				08DE18212AC70AC60001C620 /* ServerConstants.swift in Sources */,
				086FE7A92AC6FC0300A875A0 /* MainViewController.swift in Sources */,
				081DDA022AC74E6C00213AF0 /* ValuteTableViewCell.swift in Sources */,
				08DE181F2AC70A8F0001C620 /* RatesAPI.swift in Sources */,
				0888BFC92AC82A6000B688C4 /* NetworkError.swift in Sources */,
				0859CFB02AC772B400FC3D58 /* AppLaunchService.swift in Sources */,
				08DE18282AC7115E0001C620 /* NSObject+Extension.swift in Sources */,
				081DD9F52AC7404D00213AF0 /* String+Extension.swift in Sources */,
				081DD9F32AC7393700213AF0 /* Constraints.swift in Sources */,
				08DE182A2AC719B70001C620 /* HTTPMethod.swift in Sources */,
				0859CFAC2AC760FC00FC3D58 /* Double+Extension.swift in Sources */,
				08DE181D2AC70A230001C620 /* ExchangeRateResponse.swift in Sources */,
				086FE7A52AC6FC0300A875A0 /* AppDelegate.swift in Sources */,
				0888BFC72AC8234B00B688C4 /* Valute.swift in Sources */,
				086FE7A72AC6FC0300A875A0 /* SceneDelegate.swift in Sources */,
				0888BFCB2AC8313F00B688C4 /* Provider.swift in Sources */,
				0888BFC12AC8198300B688C4 /* ReachabilityService.swift in Sources */,
				081DD9F02AC7300D00213AF0 /* UIViewController+Extension.swift in Sources */,
				081DD9FF2AC748C000213AF0 /* ValuteObject.swift in Sources */,
				081DD9EE2AC72F2200213AF0 /* MainViewModel.swift in Sources */,
			);
			runOnlyForDeploymentPostprocessing = 0;
		};
/* End PBXSourcesBuildPhase section */

/* Begin PBXVariantGroup section */
		081DD9FB2AC740B700213AF0 /* Localizable.strings */ = {
			isa = PBXVariantGroup;
			children = (
				081DD9FA2AC740B700213AF0 /* ru */,
				081DD9FC2AC740B900213AF0 /* en */,
			);
			name = Localizable.strings;
			sourceTree = "<group>";
		};
		086FE7AF2AC6FC0500A875A0 /* LaunchScreen.storyboard */ = {
			isa = PBXVariantGroup;
			children = (
				086FE7B02AC6FC0500A875A0 /* Base */,
				081DD9F62AC7407500213AF0 /* ru */,
			);
			name = LaunchScreen.storyboard;
			sourceTree = "<group>";
		};
		0888BFD92AC840D000B688C4 /* InfoPlist.strings */ = {
			isa = PBXVariantGroup;
			children = (
				0888BFD82AC840D000B688C4 /* en */,
				0888BFDA2AC840D100B688C4 /* ru */,
			);
			name = InfoPlist.strings;
			sourceTree = "<group>";
		};
/* End PBXVariantGroup section */

/* Begin XCBuildConfiguration section */
		086FE7B32AC6FC0500A875A0 /* Debug */ = {
			isa = XCBuildConfiguration;
			buildSettings = {
				ALWAYS_SEARCH_USER_PATHS = NO;
				ASSETCATALOG_COMPILER_GENERATE_SWIFT_ASSET_SYMBOL_EXTENSIONS = YES;
				CLANG_ANALYZER_LOCALIZABILITY_NONLOCALIZED = YES;
				CLANG_ANALYZER_NONNULL = YES;
				CLANG_ANALYZER_NUMBER_OBJECT_CONVERSION = YES_AGGRESSIVE;
				CLANG_CXX_LANGUAGE_STANDARD = "gnu++20";
				CLANG_ENABLE_MODULES = YES;
				CLANG_ENABLE_OBJC_ARC = YES;
				CLANG_ENABLE_OBJC_WEAK = YES;
				CLANG_WARN_BLOCK_CAPTURE_AUTORELEASING = YES;
				CLANG_WARN_BOOL_CONVERSION = YES;
				CLANG_WARN_COMMA = YES;
				CLANG_WARN_CONSTANT_CONVERSION = YES;
				CLANG_WARN_DEPRECATED_OBJC_IMPLEMENTATIONS = YES;
				CLANG_WARN_DIRECT_OBJC_ISA_USAGE = YES_ERROR;
				CLANG_WARN_DOCUMENTATION_COMMENTS = YES;
				CLANG_WARN_EMPTY_BODY = YES;
				CLANG_WARN_ENUM_CONVERSION = YES;
				CLANG_WARN_INFINITE_RECURSION = YES;
				CLANG_WARN_INT_CONVERSION = YES;
				CLANG_WARN_NON_LITERAL_NULL_CONVERSION = YES;
				CLANG_WARN_OBJC_IMPLICIT_RETAIN_SELF = YES;
				CLANG_WARN_OBJC_LITERAL_CONVERSION = YES;
				CLANG_WARN_OBJC_ROOT_CLASS = YES_ERROR;
				CLANG_WARN_QUOTED_INCLUDE_IN_FRAMEWORK_HEADER = YES;
				CLANG_WARN_RANGE_LOOP_ANALYSIS = YES;
				CLANG_WARN_STRICT_PROTOTYPES = YES;
				CLANG_WARN_SUSPICIOUS_MOVE = YES;
				CLANG_WARN_UNGUARDED_AVAILABILITY = YES_AGGRESSIVE;
				CLANG_WARN_UNREACHABLE_CODE = YES;
				CLANG_WARN__DUPLICATE_METHOD_MATCH = YES;
				COPY_PHASE_STRIP = NO;
				DEBUG_INFORMATION_FORMAT = dwarf;
				ENABLE_STRICT_OBJC_MSGSEND = YES;
				ENABLE_TESTABILITY = YES;
				ENABLE_USER_SCRIPT_SANDBOXING = YES;
				GCC_C_LANGUAGE_STANDARD = gnu17;
				GCC_DYNAMIC_NO_PIC = NO;
				GCC_NO_COMMON_BLOCKS = YES;
				GCC_OPTIMIZATION_LEVEL = 0;
				GCC_PREPROCESSOR_DEFINITIONS = (
					"DEBUG=1",
					"$(inherited)",
				);
				GCC_WARN_64_TO_32_BIT_CONVERSION = YES;
				GCC_WARN_ABOUT_RETURN_TYPE = YES_ERROR;
				GCC_WARN_UNDECLARED_SELECTOR = YES;
				GCC_WARN_UNINITIALIZED_AUTOS = YES_AGGRESSIVE;
				GCC_WARN_UNUSED_FUNCTION = YES;
				GCC_WARN_UNUSED_VARIABLE = YES;
				IPHONEOS_DEPLOYMENT_TARGET = 17.0;
				LOCALIZATION_PREFERS_STRING_CATALOGS = YES;
				MTL_ENABLE_DEBUG_INFO = INCLUDE_SOURCE;
				MTL_FAST_MATH = YES;
				ONLY_ACTIVE_ARCH = YES;
				SDKROOT = iphoneos;
				SWIFT_ACTIVE_COMPILATION_CONDITIONS = "DEBUG $(inherited)";
				SWIFT_OPTIMIZATION_LEVEL = "-Onone";
			};
			name = Debug;
		};
		086FE7B42AC6FC0500A875A0 /* Release */ = {
			isa = XCBuildConfiguration;
			buildSettings = {
				ALWAYS_SEARCH_USER_PATHS = NO;
				ASSETCATALOG_COMPILER_GENERATE_SWIFT_ASSET_SYMBOL_EXTENSIONS = YES;
				CLANG_ANALYZER_LOCALIZABILITY_NONLOCALIZED = YES;
				CLANG_ANALYZER_NONNULL = YES;
				CLANG_ANALYZER_NUMBER_OBJECT_CONVERSION = YES_AGGRESSIVE;
				CLANG_CXX_LANGUAGE_STANDARD = "gnu++20";
				CLANG_ENABLE_MODULES = YES;
				CLANG_ENABLE_OBJC_ARC = YES;
				CLANG_ENABLE_OBJC_WEAK = YES;
				CLANG_WARN_BLOCK_CAPTURE_AUTORELEASING = YES;
				CLANG_WARN_BOOL_CONVERSION = YES;
				CLANG_WARN_COMMA = YES;
				CLANG_WARN_CONSTANT_CONVERSION = YES;
				CLANG_WARN_DEPRECATED_OBJC_IMPLEMENTATIONS = YES;
				CLANG_WARN_DIRECT_OBJC_ISA_USAGE = YES_ERROR;
				CLANG_WARN_DOCUMENTATION_COMMENTS = YES;
				CLANG_WARN_EMPTY_BODY = YES;
				CLANG_WARN_ENUM_CONVERSION = YES;
				CLANG_WARN_INFINITE_RECURSION = YES;
				CLANG_WARN_INT_CONVERSION = YES;
				CLANG_WARN_NON_LITERAL_NULL_CONVERSION = YES;
				CLANG_WARN_OBJC_IMPLICIT_RETAIN_SELF = YES;
				CLANG_WARN_OBJC_LITERAL_CONVERSION = YES;
				CLANG_WARN_OBJC_ROOT_CLASS = YES_ERROR;
				CLANG_WARN_QUOTED_INCLUDE_IN_FRAMEWORK_HEADER = YES;
				CLANG_WARN_RANGE_LOOP_ANALYSIS = YES;
				CLANG_WARN_STRICT_PROTOTYPES = YES;
				CLANG_WARN_SUSPICIOUS_MOVE = YES;
				CLANG_WARN_UNGUARDED_AVAILABILITY = YES_AGGRESSIVE;
				CLANG_WARN_UNREACHABLE_CODE = YES;
				CLANG_WARN__DUPLICATE_METHOD_MATCH = YES;
				COPY_PHASE_STRIP = NO;
				DEBUG_INFORMATION_FORMAT = "dwarf-with-dsym";
				ENABLE_NS_ASSERTIONS = NO;
				ENABLE_STRICT_OBJC_MSGSEND = YES;
				ENABLE_USER_SCRIPT_SANDBOXING = YES;
				GCC_C_LANGUAGE_STANDARD = gnu17;
				GCC_NO_COMMON_BLOCKS = YES;
				GCC_WARN_64_TO_32_BIT_CONVERSION = YES;
				GCC_WARN_ABOUT_RETURN_TYPE = YES_ERROR;
				GCC_WARN_UNDECLARED_SELECTOR = YES;
				GCC_WARN_UNINITIALIZED_AUTOS = YES_AGGRESSIVE;
				GCC_WARN_UNUSED_FUNCTION = YES;
				GCC_WARN_UNUSED_VARIABLE = YES;
				IPHONEOS_DEPLOYMENT_TARGET = 17.0;
				LOCALIZATION_PREFERS_STRING_CATALOGS = YES;
				MTL_ENABLE_DEBUG_INFO = NO;
				MTL_FAST_MATH = YES;
				SDKROOT = iphoneos;
				SWIFT_COMPILATION_MODE = wholemodule;
				VALIDATE_PRODUCT = YES;
			};
			name = Release;
		};
		086FE7B62AC6FC0500A875A0 /* Debug */ = {
			isa = XCBuildConfiguration;
			baseConfigurationReference = 417260A34C60A7EE0F6B6650 /* Pods-simpleExchangeRate.debug.xcconfig */;
			buildSettings = {
				ASSETCATALOG_COMPILER_APPICON_NAME = AppIcon;
				ASSETCATALOG_COMPILER_GLOBAL_ACCENT_COLOR_NAME = AccentColor;
				CODE_SIGN_STYLE = Automatic;
				CURRENT_PROJECT_VERSION = 1;
				DEVELOPMENT_TEAM = Y8WAQNS7U8;
				ENABLE_USER_SCRIPT_SANDBOXING = NO;
				GENERATE_INFOPLIST_FILE = YES;
				INFOPLIST_FILE = simpleExchangeRate/App/Info.plist;
				INFOPLIST_KEY_CFBundleDisplayName = "Exchange Rates";
				INFOPLIST_KEY_UIApplicationSupportsIndirectInputEvents = YES;
				INFOPLIST_KEY_UILaunchStoryboardName = LaunchScreen.storyboard;
				INFOPLIST_KEY_UISupportedInterfaceOrientations_iPad = "UIInterfaceOrientationPortrait UIInterfaceOrientationPortraitUpsideDown UIInterfaceOrientationLandscapeLeft UIInterfaceOrientationLandscapeRight";
				INFOPLIST_KEY_UISupportedInterfaceOrientations_iPhone = "UIInterfaceOrientationPortrait UIInterfaceOrientationLandscapeLeft UIInterfaceOrientationLandscapeRight";
				INFOPLIST_KEY_UIUserInterfaceStyle = Light;
				LD_RUNPATH_SEARCH_PATHS = (
					"$(inherited)",
					"@executable_path/Frameworks",
				);
				MARKETING_VERSION = 1.0;
				PRODUCT_BUNDLE_IDENTIFIER = ru.lexone.simpleExchangeRate;
				PRODUCT_NAME = "$(TARGET_NAME)";
				SWIFT_EMIT_LOC_STRINGS = YES;
				SWIFT_VERSION = 5.0;
				TARGETED_DEVICE_FAMILY = "1,2";
			};
			name = Debug;
		};
		086FE7B72AC6FC0500A875A0 /* Release */ = {
			isa = XCBuildConfiguration;
			baseConfigurationReference = B01E647F67F6D73BCB142767 /* Pods-simpleExchangeRate.release.xcconfig */;
			buildSettings = {
				ASSETCATALOG_COMPILER_APPICON_NAME = AppIcon;
				ASSETCATALOG_COMPILER_GLOBAL_ACCENT_COLOR_NAME = AccentColor;
				CODE_SIGN_STYLE = Automatic;
				CURRENT_PROJECT_VERSION = 1;
				DEVELOPMENT_TEAM = Y8WAQNS7U8;
				ENABLE_USER_SCRIPT_SANDBOXING = NO;
				GENERATE_INFOPLIST_FILE = YES;
				INFOPLIST_FILE = simpleExchangeRate/App/Info.plist;
				INFOPLIST_KEY_CFBundleDisplayName = "Exchange Rates";
				INFOPLIST_KEY_UIApplicationSupportsIndirectInputEvents = YES;
				INFOPLIST_KEY_UILaunchStoryboardName = LaunchScreen.storyboard;
				INFOPLIST_KEY_UISupportedInterfaceOrientations_iPad = "UIInterfaceOrientationPortrait UIInterfaceOrientationPortraitUpsideDown UIInterfaceOrientationLandscapeLeft UIInterfaceOrientationLandscapeRight";
				INFOPLIST_KEY_UISupportedInterfaceOrientations_iPhone = "UIInterfaceOrientationPortrait UIInterfaceOrientationLandscapeLeft UIInterfaceOrientationLandscapeRight";
				INFOPLIST_KEY_UIUserInterfaceStyle = Light;
				LD_RUNPATH_SEARCH_PATHS = (
					"$(inherited)",
					"@executable_path/Frameworks",
				);
				MARKETING_VERSION = 1.0;
				PRODUCT_BUNDLE_IDENTIFIER = ru.lexone.simpleExchangeRate;
				PRODUCT_NAME = "$(TARGET_NAME)";
				SWIFT_EMIT_LOC_STRINGS = YES;
				SWIFT_VERSION = 5.0;
				TARGETED_DEVICE_FAMILY = "1,2";
			};
			name = Release;
		};
/* End XCBuildConfiguration section */

/* Begin XCConfigurationList section */
		086FE79C2AC6FC0300A875A0 /* Build configuration list for PBXProject "simpleExchangeRate" */ = {
			isa = XCConfigurationList;
			buildConfigurations = (
				086FE7B32AC6FC0500A875A0 /* Debug */,
				086FE7B42AC6FC0500A875A0 /* Release */,
			);
			defaultConfigurationIsVisible = 0;
			defaultConfigurationName = Release;
		};
		086FE7B52AC6FC0500A875A0 /* Build configuration list for PBXNativeTarget "simpleExchangeRate" */ = {
			isa = XCConfigurationList;
			buildConfigurations = (
				086FE7B62AC6FC0500A875A0 /* Debug */,
				086FE7B72AC6FC0500A875A0 /* Release */,
			);
			defaultConfigurationIsVisible = 0;
			defaultConfigurationName = Release;
		};
/* End XCConfigurationList section */
	};
	rootObject = 086FE7992AC6FC0300A875A0 /* Project object */;
}
