// !$*UTF8*$!
{
	archiveVersion = 1;
	classes = {
	};
	objectVersion = 55;
	objects = {

/* Begin PBXBuildFile section */
		086FE7A52AC6FC0300A875A0 /* AppDelegate.swift in Sources */ = {isa = PBXBuildFile; fileRef = 086FE7A42AC6FC0300A875A0 /* AppDelegate.swift */; };
		086FE7A72AC6FC0300A875A0 /* SceneDelegate.swift in Sources */ = {isa = PBXBuildFile; fileRef = 086FE7A62AC6FC0300A875A0 /* SceneDelegate.swift */; };
		086FE7A92AC6FC0300A875A0 /* ViewController.swift in Sources */ = {isa = PBXBuildFile; fileRef = 086FE7A82AC6FC0300A875A0 /* ViewController.swift */; };
		086FE7AE2AC6FC0500A875A0 /* Assets.xcassets in Resources */ = {isa = PBXBuildFile; fileRef = 086FE7AD2AC6FC0500A875A0 /* Assets.xcassets */; };
		086FE7B12AC6FC0500A875A0 /* LaunchScreen.storyboard in Resources */ = {isa = PBXBuildFile; fileRef = 086FE7AF2AC6FC0500A875A0 /* LaunchScreen.storyboard */; };
		0C890BA625A28FFE03EA3601 /* Pods_simpleExchangeRate.framework in Frameworks */ = {isa = PBXBuildFile; fileRef = BBF7B1F19221F16D3C06760D /* Pods_simpleExchangeRate.framework */; };
/* End PBXBuildFile section */

/* Begin PBXFileReference section */
		086FE7A12AC6FC0300A875A0 /* simpleExchangeRate.app */ = {isa = PBXFileReference; explicitFileType = wrapper.application; includeInIndex = 0; path = simpleExchangeRate.app; sourceTree = BUILT_PRODUCTS_DIR; };
		086FE7A42AC6FC0300A875A0 /* AppDelegate.swift */ = {isa = PBXFileReference; lastKnownFileType = sourcecode.swift; path = AppDelegate.swift; sourceTree = "<group>"; };
		086FE7A62AC6FC0300A875A0 /* SceneDelegate.swift */ = {isa = PBXFileReference; lastKnownFileType = sourcecode.swift; path = SceneDelegate.swift; sourceTree = "<group>"; };
		086FE7A82AC6FC0300A875A0 /* ViewController.swift */ = {isa = PBXFileReference; lastKnownFileType = sourcecode.swift; path = ViewController.swift; sourceTree = "<group>"; };
		086FE7AD2AC6FC0500A875A0 /* Assets.xcassets */ = {isa = PBXFileReference; lastKnownFileType = folder.assetcatalog; path = Assets.xcassets; sourceTree = "<group>"; };
		086FE7B02AC6FC0500A875A0 /* Base */ = {isa = PBXFileReference; lastKnownFileType = file.storyboard; name = Base; path = Base.lproj/LaunchScreen.storyboard; sourceTree = "<group>"; };
		086FE7B22AC6FC0500A875A0 /* Info.plist */ = {isa = PBXFileReference; lastKnownFileType = text.plist.xml; path = Info.plist; sourceTree = "<group>"; };
		417260A34C60A7EE0F6B6650 /* Pods-simpleExchangeRate.debug.xcconfig */ = {isa = PBXFileReference; includeInIndex = 1; lastKnownFileType = text.xcconfig; name = "Pods-simpleExchangeRate.debug.xcconfig"; path = "Target Support Files/Pods-simpleExchangeRate/Pods-simpleExchangeRate.debug.xcconfig"; sourceTree = "<group>"; };
		B01E647F67F6D73BCB142767 /* Pods-simpleExchangeRate.release.xcconfig */ = {isa = PBXFileReference; includeInIndex = 1; lastKnownFileType = text.xcconfig; name = "Pods-simpleExchangeRate.release.xcconfig"; path = "Target Support Files/Pods-simpleExchangeRate/Pods-simpleExchangeRate.release.xcconfig"; sourceTree = "<group>"; };
		BBF7B1F19221F16D3C06760D /* Pods_simpleExchangeRate.framework */ = {isa = PBXFileReference; explicitFileType = wrapper.framework; includeInIndex = 0; path = Pods_simpleExchangeRate.framework; sourceTree = BUILT_PRODUCTS_DIR; };
/* End PBXFileReference section */

/* Begin PBXFrameworksBuildPhase section */
		086FE79E2AC6FC0300A875A0 /* Frameworks */ = {
			isa = PBXFrameworksBuildPhase;
			buildActionMask = 2147483647;
			files = (
				0C890BA625A28FFE03EA3601 /* Pods_simpleExchangeRate.framework in Frameworks */,
			);
			runOnlyForDeploymentPostprocessing = 0;
		};
/* End PBXFrameworksBuildPhase section */

/* Begin PBXGroup section */
		086FE7982AC6FC0300A875A0 = {
			isa = PBXGroup;
			children = (
				086FE7A32AC6FC0300A875A0 /* simpleExchangeRate */,
				086FE7A22AC6FC0300A875A0 /* Products */,
				4500FB1F0D5F67CA8EEA3CF3 /* Pods */,
				A5DB5BFD9C3E87F2B1A62C33 /* Frameworks */,
			);
			sourceTree = "<group>";
		};
		086FE7A22AC6FC0300A875A0 /* Products */ = {
			isa = PBXGroup;
			children = (
				086FE7A12AC6FC0300A875A0 /* simpleExchangeRate.app */,
			);
			name = Products;
			sourceTree = "<group>";
		};
		086FE7A32AC6FC0300A875A0 /* simpleExchangeRate */ = {
			isa = PBXGroup;
			children = (
				086FE7A42AC6FC0300A875A0 /* AppDelegate.swift */,
				086FE7A62AC6FC0300A875A0 /* SceneDelegate.swift */,
				086FE7A82AC6FC0300A875A0 /* ViewController.swift */,
				086FE7AD2AC6FC0500A875A0 /* Assets.xcassets */,
				086FE7AF2AC6FC0500A875A0 /* LaunchScreen.storyboard */,
				086FE7B22AC6FC0500A875A0 /* Info.plist */,
			);
			path = simpleExchangeRate;
			sourceTree = "<group>";
		};
		4500FB1F0D5F67CA8EEA3CF3 /* Pods */ = {
			isa = PBXGroup;
			children = (
				417260A34C60A7EE0F6B6650 /* Pods-simpleExchangeRate.debug.xcconfig */,
				B01E647F67F6D73BCB142767 /* Pods-simpleExchangeRate.release.xcconfig */,
			);
			path = Pods;
			sourceTree = "<group>";
		};
		A5DB5BFD9C3E87F2B1A62C33 /* Frameworks */ = {
			isa = PBXGroup;
			children = (
				BBF7B1F19221F16D3C06760D /* Pods_simpleExchangeRate.framework */,
			);
			name = Frameworks;
			sourceTree = "<group>";
		};
/* End PBXGroup section */

/* Begin PBXNativeTarget section */
		086FE7A02AC6FC0300A875A0 /* simpleExchangeRate */ = {
			isa = PBXNativeTarget;
			buildConfigurationList = 086FE7B52AC6FC0500A875A0 /* Build configuration list for PBXNativeTarget "simpleExchangeRate" */;
			buildPhases = (
				B0E07BEDF20DC13AA486ECDB /* [CP] Check Pods Manifest.lock */,
				086FE79D2AC6FC0300A875A0 /* Sources */,
				086FE79E2AC6FC0300A875A0 /* Frameworks */,
				086FE79F2AC6FC0300A875A0 /* Resources */,
				F20CEBAA35DB3DBF432BD7B2 /* [CP] Embed Pods Frameworks */,
			);
			buildRules = (
			);
			dependencies = (
			);
			name = simpleExchangeRate;
			productName = simpleExchangeRate;
			productReference = 086FE7A12AC6FC0300A875A0 /* simpleExchangeRate.app */;
			productType = "com.apple.product-type.application";
		};
/* End PBXNativeTarget section */

/* Begin PBXProject section */
		086FE7992AC6FC0300A875A0 /* Project object */ = {
			isa = PBXProject;
			attributes = {
				BuildIndependentTargetsInParallel = 1;
				LastSwiftUpdateCheck = 1500;
				LastUpgradeCheck = 1500;
				TargetAttributes = {
					086FE7A02AC6FC0300A875A0 = {
						CreatedOnToolsVersion = 15.0;
					};
				};
			};
			buildConfigurationList = 086FE79C2AC6FC0300A875A0 /* Build configuration list for PBXProject "simpleExchangeRate" */;
			compatibilityVersion = "Xcode 13.0";
			developmentRegion = en;
			hasScannedForEncodings = 0;
			knownRegions = (
				en,
				Base,
			);
			mainGroup = 086FE7982AC6FC0300A875A0;
			productRefGroup = 086FE7A22AC6FC0300A875A0 /* Products */;
			projectDirPath = "";
			projectRoot = "";
			targets = (
				086FE7A02AC6FC0300A875A0 /* simpleExchangeRate */,
			);
		};
/* End PBXProject section */

/* Begin PBXResourcesBuildPhase section */
		086FE79F2AC6FC0300A875A0 /* Resources */ = {
			isa = PBXResourcesBuildPhase;
			buildActionMask = 2147483647;
			files = (
				086FE7B12AC6FC0500A875A0 /* LaunchScreen.storyboard in Resources */,
				086FE7AE2AC6FC0500A875A0 /* Assets.xcassets in Resources */,
			);
			runOnlyForDeploymentPostprocessing = 0;
		};
/* End PBXResourcesBuildPhase section */

/* Begin PBXShellScriptBuildPhase section */
		B0E07BEDF20DC13AA486ECDB /* [CP] Check Pods Manifest.lock */ = {
			isa = PBXShellScriptBuildPhase;
			buildActionMask = 2147483647;
			files = (
			);
			inputFileListPaths = (
			);
			inputPaths = (
				"${PODS_PODFILE_DIR_PATH}/Podfile.lock",
				"${PODS_ROOT}/Manifest.lock",
			);
			name = "[CP] Check Pods Manifest.lock";
			outputFileListPaths = (
			);
			outputPaths = (
				"$(DERIVED_FILE_DIR)/Pods-simpleExchangeRate-checkManifestLockResult.txt",
			);
			runOnlyForDeploymentPostprocessing = 0;
			shellPath = /bin/sh;
			shellScript = "diff \"${PODS_PODFILE_DIR_PATH}/Podfile.lock\" \"${PODS_ROOT}/Manifest.lock\" > /dev/null\nif [ $? != 0 ] ; then\n    # print error to STDERR\n    echo \"error: The sandbox is not in sync with the Podfile.lock. Run 'pod install' or update your CocoaPods installation.\" >&2\n    exit 1\nfi\n# This output is used by Xcode 'outputs' to avoid re-running this script phase.\necho \"SUCCESS\" > \"${SCRIPT_OUTPUT_FILE_0}\"\n";
			showEnvVarsInLog = 0;
		};
		F20CEBAA35DB3DBF432BD7B2 /* [CP] Embed Pods Frameworks */ = {
			isa = PBXShellScriptBuildPhase;
			buildActionMask = 2147483647;
			files = (
			);
			inputFileListPaths = (
				"${PODS_ROOT}/Target Support Files/Pods-simpleExchangeRate/Pods-simpleExchangeRate-frameworks-${CONFIGURATION}-input-files.xcfilelist",
			);
			name = "[CP] Embed Pods Frameworks";
			outputFileListPaths = (
				"${PODS_ROOT}/Target Support Files/Pods-simpleExchangeRate/Pods-simpleExchangeRate-frameworks-${CONFIGURATION}-output-files.xcfilelist",
			);
			runOnlyForDeploymentPostprocessing = 0;
			shellPath = /bin/sh;
			shellScript = "\"${PODS_ROOT}/Target Support Files/Pods-simpleExchangeRate/Pods-simpleExchangeRate-frameworks.sh\"\n";
			showEnvVarsInLog = 0;
		};
/* End PBXShellScriptBuildPhase section */

/* Begin PBXSourcesBuildPhase section */
		086FE79D2AC6FC0300A875A0 /* Sources */ = {
			isa = PBXSourcesBuildPhase;
			buildActionMask = 2147483647;
			files = (
				086FE7A92AC6FC0300A875A0 /* ViewController.swift in Sources */,
				086FE7A52AC6FC0300A875A0 /* AppDelegate.swift in Sources */,
				086FE7A72AC6FC0300A875A0 /* SceneDelegate.swift in Sources */,
			);
			runOnlyForDeploymentPostprocessing = 0;
		};
/* End PBXSourcesBuildPhase section */

/* Begin PBXVariantGroup section */
		086FE7AF2AC6FC0500A875A0 /* LaunchScreen.storyboard */ = {
			isa = PBXVariantGroup;
			children = (
				086FE7B02AC6FC0500A875A0 /* Base */,
			);
			name = LaunchScreen.storyboard;
			sourceTree = "<group>";
		};
/* End PBXVariantGroup section */

/* Begin XCBuildConfiguration section */
		086FE7B32AC6FC0500A875A0 /* Debug */ = {
			isa = XCBuildConfiguration;
			buildSettings = {
				ALWAYS_SEARCH_USER_PATHS = NO;
				ASSETCATALOG_COMPILER_GENERATE_SWIFT_ASSET_SYMBOL_EXTENSIONS = YES;
				CLANG_ANALYZER_NONNULL = YES;
				CLANG_ANALYZER_NUMBER_OBJECT_CONVERSION = YES_AGGRESSIVE;
				CLANG_CXX_LANGUAGE_STANDARD = "gnu++20";
				CLANG_ENABLE_MODULES = YES;
				CLANG_ENABLE_OBJC_ARC = YES;
				CLANG_ENABLE_OBJC_WEAK = YES;
				CLANG_WARN_BLOCK_CAPTURE_AUTORELEASING = YES;
				CLANG_WARN_BOOL_CONVERSION = YES;
				CLANG_WARN_COMMA = YES;
				CLANG_WARN_CONSTANT_CONVERSION = YES;
				CLANG_WARN_DEPRECATED_OBJC_IMPLEMENTATIONS = YES;
				CLANG_WARN_DIRECT_OBJC_ISA_USAGE = YES_ERROR;
				CLANG_WARN_DOCUMENTATION_COMMENTS = YES;
				CLANG_WARN_EMPTY_BODY = YES;
				CLANG_WARN_ENUM_CONVERSION = YES;
				CLANG_WARN_INFINITE_RECURSION = YES;
				CLANG_WARN_INT_CONVERSION = YES;
				CLANG_WARN_NON_LITERAL_NULL_CONVERSION = YES;
				CLANG_WARN_OBJC_IMPLICIT_RETAIN_SELF = YES;
				CLANG_WARN_OBJC_LITERAL_CONVERSION = YES;
				CLANG_WARN_OBJC_ROOT_CLASS = YES_ERROR;
				CLANG_WARN_QUOTED_INCLUDE_IN_FRAMEWORK_HEADER = YES;
				CLANG_WARN_RANGE_LOOP_ANALYSIS = YES;
				CLANG_WARN_STRICT_PROTOTYPES = YES;
				CLANG_WARN_SUSPICIOUS_MOVE = YES;
				CLANG_WARN_UNGUARDED_AVAILABILITY = YES_AGGRESSIVE;
				CLANG_WARN_UNREACHABLE_CODE = YES;
				CLANG_WARN__DUPLICATE_METHOD_MATCH = YES;
				COPY_PHASE_STRIP = NO;
				DEBUG_INFORMATION_FORMAT = dwarf;
				ENABLE_STRICT_OBJC_MSGSEND = YES;
				ENABLE_TESTABILITY = YES;
				ENABLE_USER_SCRIPT_SANDBOXING = YES;
				GCC_C_LANGUAGE_STANDARD = gnu17;
				GCC_DYNAMIC_NO_PIC = NO;
				GCC_NO_COMMON_BLOCKS = YES;
				GCC_OPTIMIZATION_LEVEL = 0;
				GCC_PREPROCESSOR_DEFINITIONS = (
					"DEBUG=1",
					"$(inherited)",
				);
				GCC_WARN_64_TO_32_BIT_CONVERSION = YES;
				GCC_WARN_ABOUT_RETURN_TYPE = YES_ERROR;
				GCC_WARN_UNDECLARED_SELECTOR = YES;
				GCC_WARN_UNINITIALIZED_AUTOS = YES_AGGRESSIVE;
				GCC_WARN_UNUSED_FUNCTION = YES;
				GCC_WARN_UNUSED_VARIABLE = YES;
				IPHONEOS_DEPLOYMENT_TARGET = 17.0;
				LOCALIZATION_PREFERS_STRING_CATALOGS = YES;
				MTL_ENABLE_DEBUG_INFO = INCLUDE_SOURCE;
				MTL_FAST_MATH = YES;
				ONLY_ACTIVE_ARCH = YES;
				SDKROOT = iphoneos;
				SWIFT_ACTIVE_COMPILATION_CONDITIONS = "DEBUG $(inherited)";
				SWIFT_OPTIMIZATION_LEVEL = "-Onone";
			};
			name = Debug;
		};
		086FE7B42AC6FC0500A875A0 /* Release */ = {
			isa = XCBuildConfiguration;
			buildSettings = {
				ALWAYS_SEARCH_USER_PATHS = NO;
				ASSETCATALOG_COMPILER_GENERATE_SWIFT_ASSET_SYMBOL_EXTENSIONS = YES;
				CLANG_ANALYZER_NONNULL = YES;
				CLANG_ANALYZER_NUMBER_OBJECT_CONVERSION = YES_AGGRESSIVE;
				CLANG_CXX_LANGUAGE_STANDARD = "gnu++20";
				CLANG_ENABLE_MODULES = YES;
				CLANG_ENABLE_OBJC_ARC = YES;
				CLANG_ENABLE_OBJC_WEAK = YES;
				CLANG_WARN_BLOCK_CAPTURE_AUTORELEASING = YES;
				CLANG_WARN_BOOL_CONVERSION = YES;
				CLANG_WARN_COMMA = YES;
				CLANG_WARN_CONSTANT_CONVERSION = YES;
				CLANG_WARN_DEPRECATED_OBJC_IMPLEMENTATIONS = YES;
				CLANG_WARN_DIRECT_OBJC_ISA_USAGE = YES_ERROR;
				CLANG_WARN_DOCUMENTATION_COMMENTS = YES;
				CLANG_WARN_EMPTY_BODY = YES;
				CLANG_WARN_ENUM_CONVERSION = YES;
				CLANG_WARN_INFINITE_RECURSION = YES;
				CLANG_WARN_INT_CONVERSION = YES;
				CLANG_WARN_NON_LITERAL_NULL_CONVERSION = YES;
				CLANG_WARN_OBJC_IMPLICIT_RETAIN_SELF = YES;
				CLANG_WARN_OBJC_LITERAL_CONVERSION = YES;
				CLANG_WARN_OBJC_ROOT_CLASS = YES_ERROR;
				CLANG_WARN_QUOTED_INCLUDE_IN_FRAMEWORK_HEADER = YES;
				CLANG_WARN_RANGE_LOOP_ANALYSIS = YES;
				CLANG_WARN_STRICT_PROTOTYPES = YES;
				CLANG_WARN_SUSPICIOUS_MOVE = YES;
				CLANG_WARN_UNGUARDED_AVAILABILITY = YES_AGGRESSIVE;
				CLANG_WARN_UNREACHABLE_CODE = YES;
				CLANG_WARN__DUPLICATE_METHOD_MATCH = YES;
				COPY_PHASE_STRIP = NO;
				DEBUG_INFORMATION_FORMAT = "dwarf-with-dsym";
				ENABLE_NS_ASSERTIONS = NO;
				ENABLE_STRICT_OBJC_MSGSEND = YES;
				ENABLE_USER_SCRIPT_SANDBOXING = YES;
				GCC_C_LANGUAGE_STANDARD = gnu17;
				GCC_NO_COMMON_BLOCKS = YES;
				GCC_WARN_64_TO_32_BIT_CONVERSION = YES;
				GCC_WARN_ABOUT_RETURN_TYPE = YES_ERROR;
				GCC_WARN_UNDECLARED_SELECTOR = YES;
				GCC_WARN_UNINITIALIZED_AUTOS = YES_AGGRESSIVE;
				GCC_WARN_UNUSED_FUNCTION = YES;
				GCC_WARN_UNUSED_VARIABLE = YES;
				IPHONEOS_DEPLOYMENT_TARGET = 17.0;
				LOCALIZATION_PREFERS_STRING_CATALOGS = YES;
				MTL_ENABLE_DEBUG_INFO = NO;
				MTL_FAST_MATH = YES;
				SDKROOT = iphoneos;
				SWIFT_COMPILATION_MODE = wholemodule;
				VALIDATE_PRODUCT = YES;
			};
			name = Release;
		};
		086FE7B62AC6FC0500A875A0 /* Debug */ = {
			isa = XCBuildConfiguration;
			baseConfigurationReference = 417260A34C60A7EE0F6B6650 /* Pods-simpleExchangeRate.debug.xcconfig */;
			buildSettings = {
				ASSETCATALOG_COMPILER_APPICON_NAME = AppIcon;
				ASSETCATALOG_COMPILER_GLOBAL_ACCENT_COLOR_NAME = AccentColor;
				CODE_SIGN_STYLE = Automatic;
				CURRENT_PROJECT_VERSION = 1;
				DEVELOPMENT_TEAM = Y8WAQNS7U8;
				ENABLE_USER_SCRIPT_SANDBOXING = NO;
				GENERATE_INFOPLIST_FILE = YES;
				INFOPLIST_FILE = simpleExchangeRate/Info.plist;
				INFOPLIST_KEY_UIApplicationSupportsIndirectInputEvents = YES;
				INFOPLIST_KEY_UILaunchStoryboardName = LaunchScreen.storyboard;
				INFOPLIST_KEY_UISupportedInterfaceOrientations_iPad = "UIInterfaceOrientationPortrait UIInterfaceOrientationPortraitUpsideDown UIInterfaceOrientationLandscapeLeft UIInterfaceOrientationLandscapeRight";
				INFOPLIST_KEY_UISupportedInterfaceOrientations_iPhone = "UIInterfaceOrientationPortrait UIInterfaceOrientationLandscapeLeft UIInterfaceOrientationLandscapeRight";
				LD_RUNPATH_SEARCH_PATHS = (
					"$(inherited)",
					"@executable_path/Frameworks",
				);
				MARKETING_VERSION = 1.0;
				PRODUCT_BUNDLE_IDENTIFIER = ru.lexone.simpleExchangeRate;
				PRODUCT_NAME = "$(TARGET_NAME)";
				SWIFT_EMIT_LOC_STRINGS = YES;
				SWIFT_VERSION = 5.0;
				TARGETED_DEVICE_FAMILY = "1,2";
			};
			name = Debug;
		};
		086FE7B72AC6FC0500A875A0 /* Release */ = {
			isa = XCBuildConfiguration;
			baseConfigurationReference = B01E647F67F6D73BCB142767 /* Pods-simpleExchangeRate.release.xcconfig */;
			buildSettings = {
				ASSETCATALOG_COMPILER_APPICON_NAME = AppIcon;
				ASSETCATALOG_COMPILER_GLOBAL_ACCENT_COLOR_NAME = AccentColor;
				CODE_SIGN_STYLE = Automatic;
				CURRENT_PROJECT_VERSION = 1;
				DEVELOPMENT_TEAM = Y8WAQNS7U8;
				ENABLE_USER_SCRIPT_SANDBOXING = NO;
				GENERATE_INFOPLIST_FILE = YES;
				INFOPLIST_FILE = simpleExchangeRate/Info.plist;
				INFOPLIST_KEY_UIApplicationSupportsIndirectInputEvents = YES;
				INFOPLIST_KEY_UILaunchStoryboardName = LaunchScreen.storyboard;
				INFOPLIST_KEY_UISupportedInterfaceOrientations_iPad = "UIInterfaceOrientationPortrait UIInterfaceOrientationPortraitUpsideDown UIInterfaceOrientationLandscapeLeft UIInterfaceOrientationLandscapeRight";
				INFOPLIST_KEY_UISupportedInterfaceOrientations_iPhone = "UIInterfaceOrientationPortrait UIInterfaceOrientationLandscapeLeft UIInterfaceOrientationLandscapeRight";
				LD_RUNPATH_SEARCH_PATHS = (
					"$(inherited)",
					"@executable_path/Frameworks",
				);
				MARKETING_VERSION = 1.0;
				PRODUCT_BUNDLE_IDENTIFIER = ru.lexone.simpleExchangeRate;
				PRODUCT_NAME = "$(TARGET_NAME)";
				SWIFT_EMIT_LOC_STRINGS = YES;
				SWIFT_VERSION = 5.0;
				TARGETED_DEVICE_FAMILY = "1,2";
			};
			name = Release;
		};
/* End XCBuildConfiguration section */

/* Begin XCConfigurationList section */
		086FE79C2AC6FC0300A875A0 /* Build configuration list for PBXProject "simpleExchangeRate" */ = {
			isa = XCConfigurationList;
			buildConfigurations = (
				086FE7B32AC6FC0500A875A0 /* Debug */,
				086FE7B42AC6FC0500A875A0 /* Release */,
			);
			defaultConfigurationIsVisible = 0;
			defaultConfigurationName = Release;
		};
		086FE7B52AC6FC0500A875A0 /* Build configuration list for PBXNativeTarget "simpleExchangeRate" */ = {
			isa = XCConfigurationList;
			buildConfigurations = (
				086FE7B62AC6FC0500A875A0 /* Debug */,
				086FE7B72AC6FC0500A875A0 /* Release */,
			);
			defaultConfigurationIsVisible = 0;
			defaultConfigurationName = Release;
		};
/* End XCConfigurationList section */
	};
	rootObject = 086FE7992AC6FC0300A875A0 /* Project object */;
}
